// !$*UTF8*$!
{
	archiveVersion = 1;
	classes = {
	};
	objectVersion = 46;
	objects = {

/* Begin PBXBuildFile section */
		1308B49A1CE2C42E00460ADA /* AddItemViewController.swift in Sources */ = {isa = PBXBuildFile; fileRef = 1308B4991CE2C42E00460ADA /* AddItemViewController.swift */; };
		1308B49C1CE3A45B00460ADA /* EditItemViewController.swift in Sources */ = {isa = PBXBuildFile; fileRef = 1308B49B1CE3A45B00460ADA /* EditItemViewController.swift */; };
		1308B49E1CE4154E00460ADA /* ShoppingListViewController.swift in Sources */ = {isa = PBXBuildFile; fileRef = 1308B49D1CE4154E00460ADA /* ShoppingListViewController.swift */; };
		1308B4A01CE4232B00460ADA /* checkmark.png in Resources */ = {isa = PBXBuildFile; fileRef = 1308B49F1CE4232B00460ADA /* checkmark.png */; };
		1308B4A21CE4234000460ADA /* checkmark@2x.png in Resources */ = {isa = PBXBuildFile; fileRef = 1308B4A11CE4234000460ADA /* checkmark@2x.png */; };
		132F97AB1CE1A0D400089FD9 /* AppDelegate.swift in Sources */ = {isa = PBXBuildFile; fileRef = 132F97AA1CE1A0D400089FD9 /* AppDelegate.swift */; };
		132F97B01CE1A0D400089FD9 /* Main.storyboard in Resources */ = {isa = PBXBuildFile; fileRef = 132F97AE1CE1A0D400089FD9 /* Main.storyboard */; };
		132F97B21CE1A0D400089FD9 /* Assets.xcassets in Resources */ = {isa = PBXBuildFile; fileRef = 132F97B11CE1A0D400089FD9 /* Assets.xcassets */; };
		132F97B51CE1A0D400089FD9 /* LaunchScreen.storyboard in Resources */ = {isa = PBXBuildFile; fileRef = 132F97B31CE1A0D400089FD9 /* LaunchScreen.storyboard */; };
		132F97BD1CE1A1B400089FD9 /* ListViewController.swift in Sources */ = {isa = PBXBuildFile; fileRef = 132F97BC1CE1A1B400089FD9 /* ListViewController.swift */; };
		132F97BF1CE1A8AD00089FD9 /* Item.swift in Sources */ = {isa = PBXBuildFile; fileRef = 132F97BE1CE1A8AD00089FD9 /* Item.swift */; };
		132F97C11CE2208300089FD9 /* seed.plist in Resources */ = {isa = PBXBuildFile; fileRef = 132F97C01CE2208300089FD9 /* seed.plist */; };
/* End PBXBuildFile section */

/* Begin PBXFileReference section */
		1308B4991CE2C42E00460ADA /* AddItemViewController.swift */ = {isa = PBXFileReference; fileEncoding = 4; lastKnownFileType = sourcecode.swift; path = AddItemViewController.swift; sourceTree = "<group>"; };
		1308B49B1CE3A45B00460ADA /* EditItemViewController.swift */ = {isa = PBXFileReference; fileEncoding = 4; lastKnownFileType = sourcecode.swift; path = EditItemViewController.swift; sourceTree = "<group>"; };
		1308B49D1CE4154E00460ADA /* ShoppingListViewController.swift */ = {isa = PBXFileReference; fileEncoding = 4; lastKnownFileType = sourcecode.swift; path = ShoppingListViewController.swift; sourceTree = "<group>"; };
		1308B49F1CE4232B00460ADA /* checkmark.png */ = {isa = PBXFileReference; lastKnownFileType = image.png; path = checkmark.png; sourceTree = "<group>"; };
		1308B4A11CE4234000460ADA /* checkmark@2x.png */ = {isa = PBXFileReference; lastKnownFileType = image.png; path = "checkmark@2x.png"; sourceTree = "<group>"; };
		132F97A71CE1A0D400089FD9 /* Shopping List.app */ = {isa = PBXFileReference; explicitFileType = wrapper.application; includeInIndex = 0; path = "Shopping List.app"; sourceTree = BUILT_PRODUCTS_DIR; };
		132F97AA1CE1A0D400089FD9 /* AppDelegate.swift */ = {isa = PBXFileReference; lastKnownFileType = sourcecode.swift; path = AppDelegate.swift; sourceTree = "<group>"; };
		132F97AF1CE1A0D400089FD9 /* Base */ = {isa = PBXFileReference; lastKnownFileType = file.storyboard; name = Base; path = Base.lproj/Main.storyboard; sourceTree = "<group>"; };
		132F97B11CE1A0D400089FD9 /* Assets.xcassets */ = {isa = PBXFileReference; lastKnownFileType = folder.assetcatalog; path = Assets.xcassets; sourceTree = "<group>"; };
		132F97B41CE1A0D400089FD9 /* Base */ = {isa = PBXFileReference; lastKnownFileType = file.storyboard; name = Base; path = Base.lproj/LaunchScreen.storyboard; sourceTree = "<group>"; };
		132F97B61CE1A0D400089FD9 /* Info.plist */ = {isa = PBXFileReference; lastKnownFileType = text.plist.xml; path = Info.plist; sourceTree = "<group>"; };
		132F97BC1CE1A1B400089FD9 /* ListViewController.swift */ = {isa = PBXFileReference; fileEncoding = 4; lastKnownFileType = sourcecode.swift; name = ListViewController.swift; path = ../ListViewController.swift; sourceTree = "<group>"; };
		132F97BE1CE1A8AD00089FD9 /* Item.swift */ = {isa = PBXFileReference; fileEncoding = 4; lastKnownFileType = sourcecode.swift; path = Item.swift; sourceTree = "<group>"; };
		132F97C01CE2208300089FD9 /* seed.plist */ = {isa = PBXFileReference; fileEncoding = 4; lastKnownFileType = text.plist.xml; path = seed.plist; sourceTree = "<group>"; };
/* End PBXFileReference section */

/* Begin PBXFrameworksBuildPhase section */
		132F97A41CE1A0D400089FD9 /* Frameworks */ = {
			isa = PBXFrameworksBuildPhase;
			buildActionMask = 2147483647;
			files = (
			);
			runOnlyForDeploymentPostprocessing = 0;
		};
/* End PBXFrameworksBuildPhase section */

/* Begin PBXGroup section */
		132F979E1CE1A0D400089FD9 = {
			isa = PBXGroup;
			children = (
				132F97A91CE1A0D400089FD9 /* Shopping List */,
				132F97A81CE1A0D400089FD9 /* Products */,
			);
			sourceTree = "<group>";
		};
		132F97A81CE1A0D400089FD9 /* Products */ = {
			isa = PBXGroup;
			children = (
				132F97A71CE1A0D400089FD9 /* Shopping List.app */,
			);
			name = Products;
			sourceTree = "<group>";
		};
		132F97A91CE1A0D400089FD9 /* Shopping List */ = {
			isa = PBXGroup;
			children = (
				1308B49F1CE4232B00460ADA /* checkmark.png */,
				1308B4A11CE4234000460ADA /* checkmark@2x.png */,
				132F97C01CE2208300089FD9 /* seed.plist */,
				132F97AA1CE1A0D400089FD9 /* AppDelegate.swift */,
				132F97BC1CE1A1B400089FD9 /* ListViewController.swift */,
				1308B49B1CE3A45B00460ADA /* EditItemViewController.swift */,
				1308B4991CE2C42E00460ADA /* AddItemViewController.swift */,
				1308B49D1CE4154E00460ADA /* ShoppingListViewController.swift */,
				132F97AE1CE1A0D400089FD9 /* Main.storyboard */,
				132F97BE1CE1A8AD00089FD9 /* Item.swift */,
				132F97B11CE1A0D400089FD9 /* Assets.xcassets */,
				132F97B31CE1A0D400089FD9 /* LaunchScreen.storyboard */,
				132F97B61CE1A0D400089FD9 /* Info.plist */,
			);
			path = "Shopping List";
			sourceTree = "<group>";
		};
/* End PBXGroup section */

/* Begin PBXNativeTarget section */
		132F97A61CE1A0D400089FD9 /* Shopping List */ = {
			isa = PBXNativeTarget;
			buildConfigurationList = 132F97B91CE1A0D400089FD9 /* Build configuration list for PBXNativeTarget "Shopping List" */;
			buildPhases = (
				132F97A31CE1A0D400089FD9 /* Sources */,
				132F97A41CE1A0D400089FD9 /* Frameworks */,
				132F97A51CE1A0D400089FD9 /* Resources */,
			);
			buildRules = (
			);
			dependencies = (
			);
			name = "Shopping List";
			productName = "Shopping List";
			productReference = 132F97A71CE1A0D400089FD9 /* Shopping List.app */;
			productType = "com.apple.product-type.application";
		};
/* End PBXNativeTarget section */

/* Begin PBXProject section */
		132F979F1CE1A0D400089FD9 /* Project object */ = {
			isa = PBXProject;
			attributes = {
				LastSwiftUpdateCheck = 0730;
				LastUpgradeCheck = 0730;
				ORGANIZATIONNAME = "Johnny Parham";
				TargetAttributes = {
					132F97A61CE1A0D400089FD9 = {
						CreatedOnToolsVersion = 7.3.1;
					};
				};
			};
			buildConfigurationList = 132F97A21CE1A0D400089FD9 /* Build configuration list for PBXProject "Shopping List" */;
			compatibilityVersion = "Xcode 3.2";
			developmentRegion = English;
			hasScannedForEncodings = 0;
			knownRegions = (
				en,
				Base,
			);
			mainGroup = 132F979E1CE1A0D400089FD9;
			productRefGroup = 132F97A81CE1A0D400089FD9 /* Products */;
			projectDirPath = "";
			projectRoot = "";
			targets = (
				132F97A61CE1A0D400089FD9 /* Shopping List */,
			);
		};
/* End PBXProject section */

/* Begin PBXResourcesBuildPhase section */
		132F97A51CE1A0D400089FD9 /* Resources */ = {
			isa = PBXResourcesBuildPhase;
			buildActionMask = 2147483647;
			files = (
				132F97B51CE1A0D400089FD9 /* LaunchScreen.storyboard in Resources */,
				1308B4A01CE4232B00460ADA /* checkmark.png in Resources */,
				132F97C11CE2208300089FD9 /* seed.plist in Resources */,
				132F97B21CE1A0D400089FD9 /* Assets.xcassets in Resources */,
				1308B4A21CE4234000460ADA /* checkmark@2x.png in Resources */,
				132F97B01CE1A0D400089FD9 /* Main.storyboard in Resources */,
			);
			runOnlyForDeploymentPostprocessing = 0;
		};
/* End PBXResourcesBuildPhase section */

/* Begin PBXSourcesBuildPhase section */
		132F97A31CE1A0D400089FD9 /* Sources */ = {
			isa = PBXSourcesBuildPhase;
			buildActionMask = 2147483647;
			files = (
				1308B49A1CE2C42E00460ADA /* AddItemViewController.swift in Sources */,
				1308B49C1CE3A45B00460ADA /* EditItemViewController.swift in Sources */,
				1308B49E1CE4154E00460ADA /* ShoppingListViewController.swift in Sources */,
				132F97BF1CE1A8AD00089FD9 /* Item.swift in Sources */,
				132F97BD1CE1A1B400089FD9 /* ListViewController.swift in Sources */,
				132F97AB1CE1A0D400089FD9 /* AppDelegate.swift in Sources */,
			);
			runOnlyForDeploymentPostprocessing = 0;
		};
/* End PBXSourcesBuildPhase section */

/* Begin PBXVariantGroup section */
		132F97AE1CE1A0D400089FD9 /* Main.storyboard */ = {
			isa = PBXVariantGroup;
			children = (
				132F97AF1CE1A0D400089FD9 /* Base */,
			);
			name = Main.storyboard;
			sourceTree = "<group>";
		};
		132F97B31CE1A0D400089FD9 /* LaunchScreen.storyboard */ = {
			isa = PBXVariantGroup;
			children = (
				132F97B41CE1A0D400089FD9 /* Base */,
			);
			name = LaunchScreen.storyboard;
			sourceTree = "<group>";
		};
/* End PBXVariantGroup section */

/* Begin XCBuildConfiguration section */
		132F97B71CE1A0D400089FD9 /* Debug */ = {
			isa = XCBuildConfiguration;
			buildSettings = {
				ALWAYS_SEARCH_USER_PATHS = NO;
				CLANG_ANALYZER_NONNULL = YES;
				CLANG_CXX_LANGUAGE_STANDARD = "gnu++0x";
				CLANG_CXX_LIBRARY = "libc++";
				CLANG_ENABLE_MODULES = YES;
				CLANG_ENABLE_OBJC_ARC = YES;
				CLANG_WARN_BOOL_CONVERSION = YES;
				CLANG_WARN_CONSTANT_CONVERSION = YES;
				CLANG_WARN_DIRECT_OBJC_ISA_USAGE = YES_ERROR;
				CLANG_WARN_EMPTY_BODY = YES;
				CLANG_WARN_ENUM_CONVERSION = YES;
				CLANG_WARN_INT_CONVERSION = YES;
				CLANG_WARN_OBJC_ROOT_CLASS = YES_ERROR;
				CLANG_WARN_UNREACHABLE_CODE = YES;
				CLANG_WARN__DUPLICATE_METHOD_MATCH = YES;
				"CODE_SIGN_IDENTITY[sdk=iphoneos*]" = "iPhone Developer";
				COPY_PHASE_STRIP = NO;
				DEBUG_INFORMATION_FORMAT = dwarf;
				ENABLE_STRICT_OBJC_MSGSEND = YES;
				ENABLE_TESTABILITY = YES;
				GCC_C_LANGUAGE_STANDARD = gnu99;
				GCC_DYNAMIC_NO_PIC = NO;
				GCC_NO_COMMON_BLOCKS = YES;
				GCC_OPTIMIZATION_LEVEL = 0;
				GCC_PREPROCESSOR_DEFINITIONS = (
					"DEBUG=1",
					"$(inherited)",
				);
				GCC_WARN_64_TO_32_BIT_CONVERSION = YES;
				GCC_WARN_ABOUT_RETURN_TYPE = YES_ERROR;
				GCC_WARN_UNDECLARED_SELECTOR = YES;
				GCC_WARN_UNINITIALIZED_AUTOS = YES_AGGRESSIVE;
				GCC_WARN_UNUSED_FUNCTION = YES;
				GCC_WARN_UNUSED_VARIABLE = YES;
				IPHONEOS_DEPLOYMENT_TARGET = 9.3;
				MTL_ENABLE_DEBUG_INFO = YES;
				ONLY_ACTIVE_ARCH = YES;
				SDKROOT = iphoneos;
				SWIFT_OPTIMIZATION_LEVEL = "-Onone";
			};
			name = Debug;
		};
		132F97B81CE1A0D400089FD9 /* Release */ = {
			isa = XCBuildConfiguration;
			buildSettings = {
				ALWAYS_SEARCH_USER_PATHS = NO;
				CLANG_ANALYZER_NONNULL = YES;
				CLANG_CXX_LANGUAGE_STANDARD = "gnu++0x";
				CLANG_CXX_LIBRARY = "libc++";
				CLANG_ENABLE_MODULES = YES;
				CLANG_ENABLE_OBJC_ARC = YES;
				CLANG_WARN_BOOL_CONVERSION = YES;
				CLANG_WARN_CONSTANT_CONVERSION = YES;
				CLANG_WARN_DIRECT_OBJC_ISA_USAGE = YES_ERROR;
				CLANG_WARN_EMPTY_BODY = YES;
				CLANG_WARN_ENUM_CONVERSION = YES;
				CLANG_WARN_INT_CONVERSION = YES;
				CLANG_WARN_OBJC_ROOT_CLASS = YES_ERROR;
				CLANG_WARN_UNREACHABLE_CODE = YES;
				CLANG_WARN__DUPLICATE_METHOD_MATCH = YES;
				"CODE_SIGN_IDENTITY[sdk=iphoneos*]" = "iPhone Developer";
				COPY_PHASE_STRIP = NO;
				DEBUG_INFORMATION_FORMAT = "dwarf-with-dsym";
				ENABLE_NS_ASSERTIONS = NO;
				ENABLE_STRICT_OBJC_MSGSEND = YES;
				GCC_C_LANGUAGE_STANDARD = gnu99;
				GCC_NO_COMMON_BLOCKS = YES;
				GCC_WARN_64_TO_32_BIT_CONVERSION = YES;
				GCC_WARN_ABOUT_RETURN_TYPE = YES_ERROR;
				GCC_WARN_UNDECLARED_SELECTOR = YES;
				GCC_WARN_UNINITIALIZED_AUTOS = YES_AGGRESSIVE;
				GCC_WARN_UNUSED_FUNCTION = YES;
				GCC_WARN_UNUSED_VARIABLE = YES;
				IPHONEOS_DEPLOYMENT_TARGET = 9.3;
				MTL_ENABLE_DEBUG_INFO = NO;
				SDKROOT = iphoneos;
				VALIDATE_PRODUCT = YES;
			};
			name = Release;
		};
		132F97BA1CE1A0D400089FD9 /* Debug */ = {
			isa = XCBuildConfiguration;
			buildSettings = {
				ASSETCATALOG_COMPILER_APPICON_NAME = AppIcon;
				INFOPLIST_FILE = "Shopping List/Info.plist";
				LD_RUNPATH_SEARCH_PATHS = "$(inherited) @executable_path/Frameworks";
				PRODUCT_BUNDLE_IDENTIFIER = "com.jep.Shopping-List";
				PRODUCT_NAME = "$(TARGET_NAME)";
			};
			name = Debug;
		};
		132F97BB1CE1A0D400089FD9 /* Release */ = {
			isa = XCBuildConfiguration;
			buildSettings = {
				ASSETCATALOG_COMPILER_APPICON_NAME = AppIcon;
				INFOPLIST_FILE = "Shopping List/Info.plist";
				LD_RUNPATH_SEARCH_PATHS = "$(inherited) @executable_path/Frameworks";
				PRODUCT_BUNDLE_IDENTIFIER = "com.jep.Shopping-List";
				PRODUCT_NAME = "$(TARGET_NAME)";
			};
			name = Release;
		};
/* End XCBuildConfiguration section */

/* Begin XCConfigurationList section */
		132F97A21CE1A0D400089FD9 /* Build configuration list for PBXProject "Shopping List" */ = {
			isa = XCConfigurationList;
			buildConfigurations = (
				132F97B71CE1A0D400089FD9 /* Debug */,
				132F97B81CE1A0D400089FD9 /* Release */,
			);
			defaultConfigurationIsVisible = 0;
			defaultConfigurationName = Release;
		};
		132F97B91CE1A0D400089FD9 /* Build configuration list for PBXNativeTarget "Shopping List" */ = {
			isa = XCConfigurationList;
			buildConfigurations = (
				132F97BA1CE1A0D400089FD9 /* Debug */,
				132F97BB1CE1A0D400089FD9 /* Release */,
			);
			defaultConfigurationIsVisible = 0;
			defaultConfigurationName = Release;
		};
/* End XCConfigurationList section */
	};
	rootObject = 132F979F1CE1A0D400089FD9 /* Project object */;
}
